
Microsoft Visual Studio Solution File, Format Version 12.00
# Visual Studio Version 17
VisualStudioVersion = 17.5.002.0
MinimumVisualStudioVersion = 10.0.40219.1
Project("{2150E333-8FDC-42A3-9474-1A3956D46DE8}") = "ob-tests", "ob-tests", "{978CABFE-3DB8-419C-8E13-AFD32D38E9CC}"
EndProject
Project("{9A19103F-16F7-4668-BE54-9A1E7A4F7556}") = "ob.Domain.Tests", "ob-tests\ob.Domain.Tests\ob.Domain.Tests.csproj", "{EE245F86-087F-45A7-8AC4-F03827E73DF1}"
EndProject
Project("{2150E333-8FDC-42A3-9474-1A3956D46DE8}") = "ob-backend", "ob-backend", "{A91C391B-009B-43A6-AEF6-8AEC4CBB9FCB}"
EndProject
Project("{9A19103F-16F7-4668-BE54-9A1E7A4F7556}") = "ob.Domain", "ob-backend\ob.Domain\ob.Domain.csproj", "{05BD43D7-4F26-4779-AFCA-5722143D9B4B}"
EndProject
Project("{9A19103F-16F7-4668-BE54-9A1E7A4F7556}") = "ob.WebApi", "ob-backend\ob.webapi\ob.WebApi.csproj", "{5AA24034-9D33-474C-B12B-8CE51C9F64BD}"
EndProject
Project("{9A19103F-16F7-4668-BE54-9A1E7A4F7556}") = "ob.BusinessLogic", "ob-backend\ob.BusinessLogic\ob.BusinessLogic.csproj", "{EFECCDD6-0741-4E28-8CE1-7A4630EFA33B}"
EndProject
Project("{9A19103F-16F7-4668-BE54-9A1E7A4F7556}") = "ob.IBusinessLogic", "ob-backend\ob.IBusinessLogic\ob.IBusinessLogic.csproj", "{A51B11A9-53B5-4CCC-B139-B9A6D32880E2}"
EndProject
Project("{9A19103F-16F7-4668-BE54-9A1E7A4F7556}") = "ob.DataAccess", "ob-backend\ob.DataAccess\ob.DataAccess.csproj", "{3D9C5268-753B-468C-A239-FB93B05B7262}"
EndProject
Project("{9A19103F-16F7-4668-BE54-9A1E7A4F7556}") = "ob.IDataAccess", "ob-backend\ob.IDataAccess\ob.IDataAccess.csproj", "{7A7FE6B9-6882-442C-9CB5-B1A554CC4085}"
EndProject
Project("{9A19103F-16F7-4668-BE54-9A1E7A4F7556}") = "ob.Exceptions", "ob-backend\Exceptions\ob.Exceptions.csproj", "{A741BBFB-D4E5-4DD1-B569-863B5BD45D00}"
EndProject
Project("{9A19103F-16F7-4668-BE54-9A1E7A4F7556}") = "ob.BusinessLogic.Tests", "ob-tests\ob.BusinessLogic.Tests\ob.BusinessLogic.Tests.csproj", "{154C3F49-C1CB-40F5-B9AC-64F6CF1EBFAA}"
EndProject
Project("{9A19103F-16F7-4668-BE54-9A1E7A4F7556}") = "ob.ServicesFactory", "ob.ServicesFactory\ob.ServicesFactory.csproj", "{1CC4CCAC-F047-4350-A1C4-FFF19E8C52F8}"
EndProject
Project("{FAE04EC0-301F-11D3-BF4B-00C04F79EFBC}") = "ob.WebApi.Tests", "ob-tests\ob.WebApi.Tests\ob.WebApi.Tests.csproj", "{D8C1484F-9B85-47B6-8557-F56A347DA8F6}"
EndProject
Global
	GlobalSection(SolutionConfigurationPlatforms) = preSolution
		Debug|Any CPU = Debug|Any CPU
		Release|Any CPU = Release|Any CPU
	EndGlobalSection
	GlobalSection(ProjectConfigurationPlatforms) = postSolution
		{EE245F86-087F-45A7-8AC4-F03827E73DF1}.Debug|Any CPU.ActiveCfg = Debug|Any CPU
		{EE245F86-087F-45A7-8AC4-F03827E73DF1}.Debug|Any CPU.Build.0 = Debug|Any CPU
		{EE245F86-087F-45A7-8AC4-F03827E73DF1}.Release|Any CPU.ActiveCfg = Release|Any CPU
		{EE245F86-087F-45A7-8AC4-F03827E73DF1}.Release|Any CPU.Build.0 = Release|Any CPU
		{05BD43D7-4F26-4779-AFCA-5722143D9B4B}.Debug|Any CPU.ActiveCfg = Debug|Any CPU
		{05BD43D7-4F26-4779-AFCA-5722143D9B4B}.Debug|Any CPU.Build.0 = Debug|Any CPU
		{05BD43D7-4F26-4779-AFCA-5722143D9B4B}.Release|Any CPU.ActiveCfg = Release|Any CPU
		{05BD43D7-4F26-4779-AFCA-5722143D9B4B}.Release|Any CPU.Build.0 = Release|Any CPU
		{5AA24034-9D33-474C-B12B-8CE51C9F64BD}.Debug|Any CPU.ActiveCfg = Debug|Any CPU
		{5AA24034-9D33-474C-B12B-8CE51C9F64BD}.Debug|Any CPU.Build.0 = Debug|Any CPU
		{5AA24034-9D33-474C-B12B-8CE51C9F64BD}.Release|Any CPU.ActiveCfg = Release|Any CPU
		{5AA24034-9D33-474C-B12B-8CE51C9F64BD}.Release|Any CPU.Build.0 = Release|Any CPU
		{EFECCDD6-0741-4E28-8CE1-7A4630EFA33B}.Debug|Any CPU.ActiveCfg = Debug|Any CPU
		{EFECCDD6-0741-4E28-8CE1-7A4630EFA33B}.Debug|Any CPU.Build.0 = Debug|Any CPU
		{EFECCDD6-0741-4E28-8CE1-7A4630EFA33B}.Release|Any CPU.ActiveCfg = Release|Any CPU
		{EFECCDD6-0741-4E28-8CE1-7A4630EFA33B}.Release|Any CPU.Build.0 = Release|Any CPU
		{A51B11A9-53B5-4CCC-B139-B9A6D32880E2}.Debug|Any CPU.ActiveCfg = Debug|Any CPU
		{A51B11A9-53B5-4CCC-B139-B9A6D32880E2}.Debug|Any CPU.Build.0 = Debug|Any CPU
		{A51B11A9-53B5-4CCC-B139-B9A6D32880E2}.Release|Any CPU.ActiveCfg = Release|Any CPU
		{A51B11A9-53B5-4CCC-B139-B9A6D32880E2}.Release|Any CPU.Build.0 = Release|Any CPU
		{3D9C5268-753B-468C-A239-FB93B05B7262}.Debug|Any CPU.ActiveCfg = Debug|Any CPU
		{3D9C5268-753B-468C-A239-FB93B05B7262}.Debug|Any CPU.Build.0 = Debug|Any CPU
		{3D9C5268-753B-468C-A239-FB93B05B7262}.Release|Any CPU.ActiveCfg = Release|Any CPU
		{3D9C5268-753B-468C-A239-FB93B05B7262}.Release|Any CPU.Build.0 = Release|Any CPU
		{7A7FE6B9-6882-442C-9CB5-B1A554CC4085}.Debug|Any CPU.ActiveCfg = Debug|Any CPU
		{7A7FE6B9-6882-442C-9CB5-B1A554CC4085}.Debug|Any CPU.Build.0 = Debug|Any CPU
		{7A7FE6B9-6882-442C-9CB5-B1A554CC4085}.Release|Any CPU.ActiveCfg = Release|Any CPU
		{7A7FE6B9-6882-442C-9CB5-B1A554CC4085}.Release|Any CPU.Build.0 = Release|Any CPU
		{A741BBFB-D4E5-4DD1-B569-863B5BD45D00}.Debug|Any CPU.ActiveCfg = Debug|Any CPU
		{A741BBFB-D4E5-4DD1-B569-863B5BD45D00}.Debug|Any CPU.Build.0 = Debug|Any CPU
		{A741BBFB-D4E5-4DD1-B569-863B5BD45D00}.Release|Any CPU.ActiveCfg = Release|Any CPU
		{A741BBFB-D4E5-4DD1-B569-863B5BD45D00}.Release|Any CPU.Build.0 = Release|Any CPU
		{154C3F49-C1CB-40F5-B9AC-64F6CF1EBFAA}.Debug|Any CPU.ActiveCfg = Debug|Any CPU
		{154C3F49-C1CB-40F5-B9AC-64F6CF1EBFAA}.Debug|Any CPU.Build.0 = Debug|Any CPU
		{154C3F49-C1CB-40F5-B9AC-64F6CF1EBFAA}.Release|Any CPU.ActiveCfg = Release|Any CPU
		{154C3F49-C1CB-40F5-B9AC-64F6CF1EBFAA}.Release|Any CPU.Build.0 = Release|Any CPU
		{1CC4CCAC-F047-4350-A1C4-FFF19E8C52F8}.Debug|Any CPU.ActiveCfg = Debug|Any CPU
		{1CC4CCAC-F047-4350-A1C4-FFF19E8C52F8}.Debug|Any CPU.Build.0 = Debug|Any CPU
		{1CC4CCAC-F047-4350-A1C4-FFF19E8C52F8}.Release|Any CPU.ActiveCfg = Release|Any CPU
		{1CC4CCAC-F047-4350-A1C4-FFF19E8C52F8}.Release|Any CPU.Build.0 = Release|Any CPU
		{D8C1484F-9B85-47B6-8557-F56A347DA8F6}.Debug|Any CPU.ActiveCfg = Debug|Any CPU
		{D8C1484F-9B85-47B6-8557-F56A347DA8F6}.Debug|Any CPU.Build.0 = Debug|Any CPU
		{D8C1484F-9B85-47B6-8557-F56A347DA8F6}.Release|Any CPU.ActiveCfg = Release|Any CPU
		{D8C1484F-9B85-47B6-8557-F56A347DA8F6}.Release|Any CPU.Build.0 = Release|Any CPU
	EndGlobalSection
	GlobalSection(SolutionProperties) = preSolution
		HideSolutionNode = FALSE
	EndGlobalSection
	GlobalSection(NestedProjects) = preSolution
		{EE245F86-087F-45A7-8AC4-F03827E73DF1} = {978CABFE-3DB8-419C-8E13-AFD32D38E9CC}
		{05BD43D7-4F26-4779-AFCA-5722143D9B4B} = {A91C391B-009B-43A6-AEF6-8AEC4CBB9FCB}
		{5AA24034-9D33-474C-B12B-8CE51C9F64BD} = {A91C391B-009B-43A6-AEF6-8AEC4CBB9FCB}
		{EFECCDD6-0741-4E28-8CE1-7A4630EFA33B} = {A91C391B-009B-43A6-AEF6-8AEC4CBB9FCB}
		{A51B11A9-53B5-4CCC-B139-B9A6D32880E2} = {A91C391B-009B-43A6-AEF6-8AEC4CBB9FCB}
		{3D9C5268-753B-468C-A239-FB93B05B7262} = {A91C391B-009B-43A6-AEF6-8AEC4CBB9FCB}
		{7A7FE6B9-6882-442C-9CB5-B1A554CC4085} = {A91C391B-009B-43A6-AEF6-8AEC4CBB9FCB}
		{154C3F49-C1CB-40F5-B9AC-64F6CF1EBFAA} = {978CABFE-3DB8-419C-8E13-AFD32D38E9CC}
		{1CC4CCAC-F047-4350-A1C4-FFF19E8C52F8} = {A91C391B-009B-43A6-AEF6-8AEC4CBB9FCB}
		{D8C1484F-9B85-47B6-8557-F56A347DA8F6} = {978CABFE-3DB8-419C-8E13-AFD32D38E9CC}
	EndGlobalSection
	GlobalSection(ExtensibilityGlobals) = postSolution
		SolutionGuid = {C152C364-4F49-4477-A0DC-319DB8B645A7}
	EndGlobalSection
EndGlobal
